{
  "markbot": "c90135685bf6f6bf988b86b2fc91ff76ae0281cf6de381ed14002abc92cacd26",
  "markbotignore": "030a4e6e1b3b6b510514a7ae54576e2c2ef762d56236c6414ef634955d96a126",
  "index-hover-320.png": "3dc538c712f287edd97c44259a0a8f6b8d9eb348fa0411de649a61995993958c",
  "index-320.png": "fb2941b23c70883148376a028e284c1a60b9a6ef059f3e0ce5ece645914a1c02"
}